PODS:
  - CocoaAsyncSocket (7.3.5)
  - GoogleProtobuf (2.5.0)
  - MPMessagePack (0.1.8)

DEPENDENCIES:
  - CocoaAsyncSocket (~> 7.3.5)
  - GoogleProtobuf (~> 2.5.0)
  - MPMessagePack

SPEC CHECKSUMS:
  CocoaAsyncSocket: 45bdbbc1c0a5ed0640ff4c42af325ba43a2f099a
  GoogleProtobuf: cacd0953583a29d32c170a00a2aacf1456fe666c
  MPMessagePack: 9263ecf6d77f0f0de43e3b4959137c2579d8f5a6

COCOAPODS: 0.34.4
