// !$*UTF8*$!
{
	archiveVersion = 1;
	classes = {
	};
	objectVersion = 46;
	objects = {

/* Begin PBXBuildFile section */
		5EBB6EE40FAFA22745B9EEFD /* libPods.a in Frameworks */ = {isa = PBXBuildFile; fileRef = 7B52010E6E3066EA379932A1 /* libPods.a */; };
		BB490F3C1A0F615600F05173 /* RPCEntity.m in Sources */ = {isa = PBXBuildFile; fileRef = BB490F3B1A0F615600F05173 /* RPCEntity.m */; };
		BB490F491A10345800F05173 /* RPCMessage.pb.cc in Sources */ = {isa = PBXBuildFile; fileRef = BB490F471A10345800F05173 /* RPCMessage.pb.cc */; };
		BB490F4C1A10DD1400F05173 /* ProtobufCodec.mm in Sources */ = {isa = PBXBuildFile; fileRef = BB490F4A1A10DD1400F05173 /* ProtobufCodec.mm */; };
		BB8F3C791A119FAD00A5266A /* ProtobufTests.m in Sources */ = {isa = PBXBuildFile; fileRef = BB8F3C781A119FAD00A5266A /* ProtobufTests.m */; };
		BB8F3C841A123BB200A5266A /* ProtobufRPCCodec.mm in Sources */ = {isa = PBXBuildFile; fileRef = BB8F3C831A123BB200A5266A /* ProtobufRPCCodec.mm */; };
		BBCEF4061A0CB7C0008E6963 /* main.m in Sources */ = {isa = PBXBuildFile; fileRef = BBCEF4051A0CB7C0008E6963 /* main.m */; };
		BBCEF4091A0CB7C0008E6963 /* AppDelegate.m in Sources */ = {isa = PBXBuildFile; fileRef = BBCEF4081A0CB7C0008E6963 /* AppDelegate.m */; };
		BBCEF40C1A0CB7C0008E6963 /* ViewController.m in Sources */ = {isa = PBXBuildFile; fileRef = BBCEF40B1A0CB7C0008E6963 /* ViewController.m */; };
		BBCEF40F1A0CB7C0008E6963 /* Main.storyboard in Resources */ = {isa = PBXBuildFile; fileRef = BBCEF40D1A0CB7C0008E6963 /* Main.storyboard */; };
		BBCEF4111A0CB7C0008E6963 /* Images.xcassets in Resources */ = {isa = PBXBuildFile; fileRef = BBCEF4101A0CB7C0008E6963 /* Images.xcassets */; };
		BBCEF4141A0CB7C0008E6963 /* LaunchScreen.xib in Resources */ = {isa = PBXBuildFile; fileRef = BBCEF4121A0CB7C0008E6963 /* LaunchScreen.xib */; };
		BBCEF4201A0CB7C0008E6963 /* AsyncRPC_iOSTests.m in Sources */ = {isa = PBXBuildFile; fileRef = BBCEF41F1A0CB7C0008E6963 /* AsyncRPC_iOSTests.m */; };
		BBCEF42F1A0D0BCD008E6963 /* TCPConnection.m in Sources */ = {isa = PBXBuildFile; fileRef = BBCEF42E1A0D0BCD008E6963 /* TCPConnection.m */; };
/* End PBXBuildFile section */

/* Begin PBXContainerItemProxy section */
		BBCEF41A1A0CB7C0008E6963 /* PBXContainerItemProxy */ = {
			isa = PBXContainerItemProxy;
			containerPortal = BBCEF3F81A0CB7C0008E6963 /* Project object */;
			proxyType = 1;
			remoteGlobalIDString = BBCEF3FF1A0CB7C0008E6963;
			remoteInfo = "AsyncRPC-iOS";
		};
/* End PBXContainerItemProxy section */

/* Begin PBXFileReference section */
		7B52010E6E3066EA379932A1 /* libPods.a */ = {isa = PBXFileReference; explicitFileType = archive.ar; includeInIndex = 0; path = libPods.a; sourceTree = BUILT_PRODUCTS_DIR; };
		96539F44382874719B367AC5 /* Pods.debug.xcconfig */ = {isa = PBXFileReference; includeInIndex = 1; lastKnownFileType = text.xcconfig; name = Pods.debug.xcconfig; path = "Pods/Target Support Files/Pods/Pods.debug.xcconfig"; sourceTree = "<group>"; };
		A23C50084655B9C5AC2B850D /* Pods.release.xcconfig */ = {isa = PBXFileReference; includeInIndex = 1; lastKnownFileType = text.xcconfig; name = Pods.release.xcconfig; path = "Pods/Target Support Files/Pods/Pods.release.xcconfig"; sourceTree = "<group>"; };
		BB490F3A1A0F615600F05173 /* RPCEntity.h */ = {isa = PBXFileReference; fileEncoding = 4; lastKnownFileType = sourcecode.c.h; name = RPCEntity.h; path = ../AsyncRPC/RPCEntity.h; sourceTree = "<group>"; };
		BB490F3B1A0F615600F05173 /* RPCEntity.m */ = {isa = PBXFileReference; fileEncoding = 4; lastKnownFileType = sourcecode.c.objc; name = RPCEntity.m; path = ../AsyncRPC/RPCEntity.m; sourceTree = "<group>"; };
		BB490F3D1A0F6AA600F05173 /* RPCDelegate.h */ = {isa = PBXFileReference; lastKnownFileType = sourcecode.c.h; name = RPCDelegate.h; path = ../AsyncRPC/RPCDelegate.h; sourceTree = "<group>"; };
		BB490F471A10345800F05173 /* RPCMessage.pb.cc */ = {isa = PBXFileReference; fileEncoding = 4; lastKnownFileType = sourcecode.cpp.cpp; name = RPCMessage.pb.cc; path = ../AsyncRPC/ProtobufRPC/Proto/RPCMessage.pb.cc; sourceTree = "<group>"; };
		BB490F481A10345800F05173 /* RPCMessage.pb.h */ = {isa = PBXFileReference; fileEncoding = 4; lastKnownFileType = sourcecode.c.h; name = RPCMessage.pb.h; path = ../AsyncRPC/ProtobufRPC/Proto/RPCMessage.pb.h; sourceTree = "<group>"; };
		BB490F4A1A10DD1400F05173 /* ProtobufCodec.mm */ = {isa = PBXFileReference; fileEncoding = 4; lastKnownFileType = sourcecode.cpp.objcpp; name = ProtobufCodec.mm; path = ../AsyncRPC/ProtobufRPC/ProtobufCodec.mm; sourceTree = "<group>"; };
		BB490F4F1A10E31600F05173 /* ProtobufCodec.h */ = {isa = PBXFileReference; fileEncoding = 4; lastKnownFileType = sourcecode.c.h; name = ProtobufCodec.h; path = ../AsyncRPC/ProtobufRPC/ProtobufCodec.h; sourceTree = "<group>"; };
		BB8F3C781A119FAD00A5266A /* ProtobufTests.m */ = {isa = PBXFileReference; fileEncoding = 4; lastKnownFileType = sourcecode.c.objc; path = ProtobufTests.m; sourceTree = "<group>"; };
		BB8F3C821A123BB200A5266A /* ProtobufRPCCodec.h */ = {isa = PBXFileReference; fileEncoding = 4; lastKnownFileType = sourcecode.c.h; name = ProtobufRPCCodec.h; path = ../AsyncRPC/ProtobufRPC/ProtobufRPCCodec.h; sourceTree = "<group>"; };
		BB8F3C831A123BB200A5266A /* ProtobufRPCCodec.mm */ = {isa = PBXFileReference; fileEncoding = 4; lastKnownFileType = sourcecode.cpp.objcpp; name = ProtobufRPCCodec.mm; path = ../AsyncRPC/ProtobufRPC/ProtobufRPCCodec.mm; sourceTree = "<group>"; };
		BBCEF4001A0CB7C0008E6963 /* AsyncRPC-iOS.app */ = {isa = PBXFileReference; explicitFileType = wrapper.application; includeInIndex = 0; path = "AsyncRPC-iOS.app"; sourceTree = BUILT_PRODUCTS_DIR; };
		BBCEF4041A0CB7C0008E6963 /* Info.plist */ = {isa = PBXFileReference; lastKnownFileType = text.plist.xml; path = Info.plist; sourceTree = "<group>"; };
		BBCEF4051A0CB7C0008E6963 /* main.m */ = {isa = PBXFileReference; lastKnownFileType = sourcecode.c.objc; path = main.m; sourceTree = "<group>"; };
		BBCEF4071A0CB7C0008E6963 /* AppDelegate.h */ = {isa = PBXFileReference; lastKnownFileType = sourcecode.c.h; path = AppDelegate.h; sourceTree = "<group>"; };
		BBCEF4081A0CB7C0008E6963 /* AppDelegate.m */ = {isa = PBXFileReference; lastKnownFileType = sourcecode.c.objc; path = AppDelegate.m; sourceTree = "<group>"; };
		BBCEF40A1A0CB7C0008E6963 /* ViewController.h */ = {isa = PBXFileReference; lastKnownFileType = sourcecode.c.h; path = ViewController.h; sourceTree = "<group>"; };
		BBCEF40B1A0CB7C0008E6963 /* ViewController.m */ = {isa = PBXFileReference; lastKnownFileType = sourcecode.c.objc; path = ViewController.m; sourceTree = "<group>"; };
		BBCEF40E1A0CB7C0008E6963 /* Base */ = {isa = PBXFileReference; lastKnownFileType = file.storyboard; name = Base; path = Base.lproj/Main.storyboard; sourceTree = "<group>"; };
		BBCEF4101A0CB7C0008E6963 /* Images.xcassets */ = {isa = PBXFileReference; lastKnownFileType = folder.assetcatalog; path = Images.xcassets; sourceTree = "<group>"; };
		BBCEF4131A0CB7C0008E6963 /* Base */ = {isa = PBXFileReference; lastKnownFileType = file.xib; name = Base; path = Base.lproj/LaunchScreen.xib; sourceTree = "<group>"; };
		BBCEF4191A0CB7C0008E6963 /* AsyncRPC-iOSTests.xctest */ = {isa = PBXFileReference; explicitFileType = wrapper.cfbundle; includeInIndex = 0; path = "AsyncRPC-iOSTests.xctest"; sourceTree = BUILT_PRODUCTS_DIR; };
		BBCEF41E1A0CB7C0008E6963 /* Info.plist */ = {isa = PBXFileReference; lastKnownFileType = text.plist.xml; path = Info.plist; sourceTree = "<group>"; };
		BBCEF41F1A0CB7C0008E6963 /* AsyncRPC_iOSTests.m */ = {isa = PBXFileReference; lastKnownFileType = sourcecode.c.objc; path = AsyncRPC_iOSTests.m; sourceTree = "<group>"; };
		BBCEF42D1A0D0BCD008E6963 /* TCPConnection.h */ = {isa = PBXFileReference; fileEncoding = 4; lastKnownFileType = sourcecode.c.h; name = TCPConnection.h; path = ../AsyncRPC/TCPConnection.h; sourceTree = "<group>"; };
		BBCEF42E1A0D0BCD008E6963 /* TCPConnection.m */ = {isa = PBXFileReference; fileEncoding = 4; lastKnownFileType = sourcecode.c.objc; name = TCPConnection.m; path = ../AsyncRPC/TCPConnection.m; sourceTree = "<group>"; };
/* End PBXFileReference section */

/* Begin PBXFrameworksBuildPhase section */
		BBCEF3FD1A0CB7C0008E6963 /* Frameworks */ = {
			isa = PBXFrameworksBuildPhase;
			buildActionMask = 2147483647;
			files = (
				5EBB6EE40FAFA22745B9EEFD /* libPods.a in Frameworks */,
			);
			runOnlyForDeploymentPostprocessing = 0;
		};
		BBCEF4161A0CB7C0008E6963 /* Frameworks */ = {
			isa = PBXFrameworksBuildPhase;
			buildActionMask = 2147483647;
			files = (
			);
			runOnlyForDeploymentPostprocessing = 0;
		};
/* End PBXFrameworksBuildPhase section */

/* Begin PBXGroup section */
		4038A8269EE5513FA6953210 /* Frameworks */ = {
			isa = PBXGroup;
			children = (
				7B52010E6E3066EA379932A1 /* libPods.a */,
			);
			name = Frameworks;
			sourceTree = "<group>";
		};
		BB490F331A0F5B6B00F05173 /* ProtobufRPC */ = {
			isa = PBXGroup;
			children = (
				BB490F451A0FBB7900F05173 /* Proto */,
				BB490F4A1A10DD1400F05173 /* ProtobufCodec.mm */,
				BB490F4F1A10E31600F05173 /* ProtobufCodec.h */,
				BB8F3C821A123BB200A5266A /* ProtobufRPCCodec.h */,
				BB8F3C831A123BB200A5266A /* ProtobufRPCCodec.mm */,
			);
			name = ProtobufRPC;
			sourceTree = "<group>";
		};
		BB490F451A0FBB7900F05173 /* Proto */ = {
			isa = PBXGroup;
			children = (
				BB490F471A10345800F05173 /* RPCMessage.pb.cc */,
				BB490F481A10345800F05173 /* RPCMessage.pb.h */,
			);
			name = Proto;
			sourceTree = "<group>";
		};
		BBCEF3F71A0CB7C0008E6963 = {
			isa = PBXGroup;
			children = (
				BBCEF4291A0CDCEC008E6963 /* AsyncRPC */,
				BBCEF4021A0CB7C0008E6963 /* AsyncRPC-iOS */,
				BBCEF41C1A0CB7C0008E6963 /* AsyncRPC-iOSTests */,
				BBCEF4011A0CB7C0008E6963 /* Products */,
				F285590E35513D231D4FE35C /* Pods */,
				4038A8269EE5513FA6953210 /* Frameworks */,
			);
			sourceTree = "<group>";
		};
		BBCEF4011A0CB7C0008E6963 /* Products */ = {
			isa = PBXGroup;
			children = (
				BBCEF4001A0CB7C0008E6963 /* AsyncRPC-iOS.app */,
				BBCEF4191A0CB7C0008E6963 /* AsyncRPC-iOSTests.xctest */,
			);
			name = Products;
			sourceTree = "<group>";
		};
		BBCEF4021A0CB7C0008E6963 /* AsyncRPC-iOS */ = {
			isa = PBXGroup;
			children = (
				BBCEF4071A0CB7C0008E6963 /* AppDelegate.h */,
				BBCEF4081A0CB7C0008E6963 /* AppDelegate.m */,
				BBCEF40A1A0CB7C0008E6963 /* ViewController.h */,
				BBCEF40B1A0CB7C0008E6963 /* ViewController.m */,
				BBCEF40D1A0CB7C0008E6963 /* Main.storyboard */,
				BBCEF4101A0CB7C0008E6963 /* Images.xcassets */,
				BBCEF4121A0CB7C0008E6963 /* LaunchScreen.xib */,
				BBCEF4031A0CB7C0008E6963 /* Supporting Files */,
			);
			path = "AsyncRPC-iOS";
			sourceTree = "<group>";
		};
		BBCEF4031A0CB7C0008E6963 /* Supporting Files */ = {
			isa = PBXGroup;
			children = (
				BBCEF4041A0CB7C0008E6963 /* Info.plist */,
				BBCEF4051A0CB7C0008E6963 /* main.m */,
			);
			name = "Supporting Files";
			sourceTree = "<group>";
		};
		BBCEF41C1A0CB7C0008E6963 /* AsyncRPC-iOSTests */ = {
			isa = PBXGroup;
			children = (
				BBCEF41F1A0CB7C0008E6963 /* AsyncRPC_iOSTests.m */,
				BB8F3C781A119FAD00A5266A /* ProtobufTests.m */,
				BBCEF41D1A0CB7C0008E6963 /* Supporting Files */,
			);
			path = "AsyncRPC-iOSTests";
			sourceTree = "<group>";
		};
		BBCEF41D1A0CB7C0008E6963 /* Supporting Files */ = {
			isa = PBXGroup;
			children = (
				BBCEF41E1A0CB7C0008E6963 /* Info.plist */,
			);
			name = "Supporting Files";
			sourceTree = "<group>";
		};
		BBCEF4291A0CDCEC008E6963 /* AsyncRPC */ = {
			isa = PBXGroup;
			children = (
				BB490F331A0F5B6B00F05173 /* ProtobufRPC */,
				BBCEF42D1A0D0BCD008E6963 /* TCPConnection.h */,
				BBCEF42E1A0D0BCD008E6963 /* TCPConnection.m */,
				BB490F3A1A0F615600F05173 /* RPCEntity.h */,
				BB490F3B1A0F615600F05173 /* RPCEntity.m */,
				BB490F3D1A0F6AA600F05173 /* RPCDelegate.h */,
			);
			name = AsyncRPC;
			sourceTree = "<group>";
		};
		F285590E35513D231D4FE35C /* Pods */ = {
			isa = PBXGroup;
			children = (
				96539F44382874719B367AC5 /* Pods.debug.xcconfig */,
				A23C50084655B9C5AC2B850D /* Pods.release.xcconfig */,
			);
			name = Pods;
			sourceTree = "<group>";
		};
/* End PBXGroup section */

/* Begin PBXNativeTarget section */
		BBCEF3FF1A0CB7C0008E6963 /* AsyncRPC-iOS */ = {
			isa = PBXNativeTarget;
			buildConfigurationList = BBCEF4231A0CB7C0008E6963 /* Build configuration list for PBXNativeTarget "AsyncRPC-iOS" */;
			buildPhases = (
				86DEABFB238BFD03CF69C51B /* Check Pods Manifest.lock */,
				BBCEF3FC1A0CB7C0008E6963 /* Sources */,
				BBCEF3FD1A0CB7C0008E6963 /* Frameworks */,
				BBCEF3FE1A0CB7C0008E6963 /* Resources */,
				CAFC9390509254CEBBBAC70E /* Copy Pods Resources */,
			);
			buildRules = (
			);
			dependencies = (
			);
			name = "AsyncRPC-iOS";
			productName = "AsyncRPC-iOS";
			productReference = BBCEF4001A0CB7C0008E6963 /* AsyncRPC-iOS.app */;
			productType = "com.apple.product-type.application";
		};
		BBCEF4181A0CB7C0008E6963 /* AsyncRPC-iOSTests */ = {
			isa = PBXNativeTarget;
			buildConfigurationList = BBCEF4261A0CB7C0008E6963 /* Build configuration list for PBXNativeTarget "AsyncRPC-iOSTests" */;
			buildPhases = (
				BBCEF4151A0CB7C0008E6963 /* Sources */,
				BBCEF4161A0CB7C0008E6963 /* Frameworks */,
				BBCEF4171A0CB7C0008E6963 /* Resources */,
			);
			buildRules = (
			);
			dependencies = (
				BBCEF41B1A0CB7C0008E6963 /* PBXTargetDependency */,
			);
			name = "AsyncRPC-iOSTests";
			productName = "AsyncRPC-iOSTests";
			productReference = BBCEF4191A0CB7C0008E6963 /* AsyncRPC-iOSTests.xctest */;
			productType = "com.apple.product-type.bundle.unit-test";
		};
/* End PBXNativeTarget section */

/* Begin PBXProject section */
		BBCEF3F81A0CB7C0008E6963 /* Project object */ = {
			isa = PBXProject;
			attributes = {
				LastUpgradeCheck = 0610;
				ORGANIZATIONNAME = nightfade;
				TargetAttributes = {
					BBCEF3FF1A0CB7C0008E6963 = {
						CreatedOnToolsVersion = 6.1;
					};
					BBCEF4181A0CB7C0008E6963 = {
						CreatedOnToolsVersion = 6.1;
						TestTargetID = BBCEF3FF1A0CB7C0008E6963;
					};
				};
			};
			buildConfigurationList = BBCEF3FB1A0CB7C0008E6963 /* Build configuration list for PBXProject "AsyncRPC-iOS" */;
			compatibilityVersion = "Xcode 3.2";
			developmentRegion = English;
			hasScannedForEncodings = 0;
			knownRegions = (
				en,
				Base,
			);
			mainGroup = BBCEF3F71A0CB7C0008E6963;
			productRefGroup = BBCEF4011A0CB7C0008E6963 /* Products */;
			projectDirPath = "";
			projectRoot = "";
			targets = (
				BBCEF3FF1A0CB7C0008E6963 /* AsyncRPC-iOS */,
				BBCEF4181A0CB7C0008E6963 /* AsyncRPC-iOSTests */,
			);
		};
/* End PBXProject section */

/* Begin PBXResourcesBuildPhase section */
		BBCEF3FE1A0CB7C0008E6963 /* Resources */ = {
			isa = PBXResourcesBuildPhase;
			buildActionMask = 2147483647;
			files = (
				BBCEF40F1A0CB7C0008E6963 /* Main.storyboard in Resources */,
				BBCEF4141A0CB7C0008E6963 /* LaunchScreen.xib in Resources */,
				BBCEF4111A0CB7C0008E6963 /* Images.xcassets in Resources */,
			);
			runOnlyForDeploymentPostprocessing = 0;
		};
		BBCEF4171A0CB7C0008E6963 /* Resources */ = {
			isa = PBXResourcesBuildPhase;
			buildActionMask = 2147483647;
			files = (
			);
			runOnlyForDeploymentPostprocessing = 0;
		};
/* End PBXResourcesBuildPhase section */

/* Begin PBXShellScriptBuildPhase section */
		86DEABFB238BFD03CF69C51B /* Check Pods Manifest.lock */ = {
			isa = PBXShellScriptBuildPhase;
			buildActionMask = 2147483647;
			files = (
			);
			inputPaths = (
			);
			name = "Check Pods Manifest.lock";
			outputPaths = (
			);
			runOnlyForDeploymentPostprocessing = 0;
			shellPath = /bin/sh;
			shellScript = "diff \"${PODS_ROOT}/../Podfile.lock\" \"${PODS_ROOT}/Manifest.lock\" > /dev/null\nif [[ $? != 0 ]] ; then\n    cat << EOM\nerror: The sandbox is not in sync with the Podfile.lock. Run 'pod install' or update your CocoaPods installation.\nEOM\n    exit 1\nfi\n";
			showEnvVarsInLog = 0;
		};
		CAFC9390509254CEBBBAC70E /* Copy Pods Resources */ = {
			isa = PBXShellScriptBuildPhase;
			buildActionMask = 2147483647;
			files = (
			);
			inputPaths = (
			);
			name = "Copy Pods Resources";
			outputPaths = (
			);
			runOnlyForDeploymentPostprocessing = 0;
			shellPath = /bin/sh;
			shellScript = "\"${SRCROOT}/Pods/Target Support Files/Pods/Pods-resources.sh\"\n";
			showEnvVarsInLog = 0;
		};
/* End PBXShellScriptBuildPhase section */

/* Begin PBXSourcesBuildPhase section */
		BBCEF3FC1A0CB7C0008E6963 /* Sources */ = {
			isa = PBXSourcesBuildPhase;
			buildActionMask = 2147483647;
			files = (
				BBCEF40C1A0CB7C0008E6963 /* ViewController.m in Sources */,
				BBCEF42F1A0D0BCD008E6963 /* TCPConnection.m in Sources */,
				BB8F3C841A123BB200A5266A /* ProtobufRPCCodec.mm in Sources */,
				BB490F3C1A0F615600F05173 /* RPCEntity.m in Sources */,
				BBCEF4091A0CB7C0008E6963 /* AppDelegate.m in Sources */,
				BB490F4C1A10DD1400F05173 /* ProtobufCodec.mm in Sources */,
				BB490F491A10345800F05173 /* RPCMessage.pb.cc in Sources */,
				BBCEF4061A0CB7C0008E6963 /* main.m in Sources */,
			);
			runOnlyForDeploymentPostprocessing = 0;
		};
		BBCEF4151A0CB7C0008E6963 /* Sources */ = {
			isa = PBXSourcesBuildPhase;
			buildActionMask = 2147483647;
			files = (
				BB8F3C791A119FAD00A5266A /* ProtobufTests.m in Sources */,
				BBCEF4201A0CB7C0008E6963 /* AsyncRPC_iOSTests.m in Sources */,
			);
			runOnlyForDeploymentPostprocessing = 0;
		};
/* End PBXSourcesBuildPhase section */

/* Begin PBXTargetDependency section */
		BBCEF41B1A0CB7C0008E6963 /* PBXTargetDependency */ = {
			isa = PBXTargetDependency;
			target = BBCEF3FF1A0CB7C0008E6963 /* AsyncRPC-iOS */;
			targetProxy = BBCEF41A1A0CB7C0008E6963 /* PBXContainerItemProxy */;
		};
/* End PBXTargetDependency section */

/* Begin PBXVariantGroup section */
		BBCEF40D1A0CB7C0008E6963 /* Main.storyboard */ = {
			isa = PBXVariantGroup;
			children = (
				BBCEF40E1A0CB7C0008E6963 /* Base */,
			);
			name = Main.storyboard;
			sourceTree = "<group>";
		};
		BBCEF4121A0CB7C0008E6963 /* LaunchScreen.xib */ = {
			isa = PBXVariantGroup;
			children = (
				BBCEF4131A0CB7C0008E6963 /* Base */,
			);
			name = LaunchScreen.xib;
			sourceTree = "<group>";
		};
/* End PBXVariantGroup section */

/* Begin XCBuildConfiguration section */
		BBCEF4211A0CB7C0008E6963 /* Debug */ = {
			isa = XCBuildConfiguration;
			buildSettings = {
				ALWAYS_SEARCH_USER_PATHS = NO;
				CLANG_CXX_LANGUAGE_STANDARD = "gnu++0x";
				CLANG_CXX_LIBRARY = "libc++";
				CLANG_ENABLE_MODULES = YES;
				CLANG_ENABLE_OBJC_ARC = YES;
				CLANG_WARN_BOOL_CONVERSION = YES;
				CLANG_WARN_CONSTANT_CONVERSION = YES;
				CLANG_WARN_DIRECT_OBJC_ISA_USAGE = YES_ERROR;
				CLANG_WARN_EMPTY_BODY = YES;
				CLANG_WARN_ENUM_CONVERSION = YES;
				CLANG_WARN_INT_CONVERSION = YES;
				CLANG_WARN_OBJC_ROOT_CLASS = YES_ERROR;
				CLANG_WARN_UNREACHABLE_CODE = YES;
				CLANG_WARN__DUPLICATE_METHOD_MATCH = YES;
				"CODE_SIGN_IDENTITY[sdk=iphoneos*]" = "iPhone Developer";
				COPY_PHASE_STRIP = NO;
				ENABLE_STRICT_OBJC_MSGSEND = YES;
				GCC_C_LANGUAGE_STANDARD = gnu99;
				GCC_DYNAMIC_NO_PIC = NO;
				GCC_OPTIMIZATION_LEVEL = 0;
				GCC_PREPROCESSOR_DEFINITIONS = (
					"DEBUG=1",
					"$(inherited)",
				);
				GCC_SYMBOLS_PRIVATE_EXTERN = NO;
				GCC_WARN_64_TO_32_BIT_CONVERSION = YES;
				GCC_WARN_ABOUT_RETURN_TYPE = YES_ERROR;
				GCC_WARN_UNDECLARED_SELECTOR = YES;
				GCC_WARN_UNINITIALIZED_AUTOS = YES_AGGRESSIVE;
				GCC_WARN_UNUSED_FUNCTION = YES;
				GCC_WARN_UNUSED_VARIABLE = YES;
				IPHONEOS_DEPLOYMENT_TARGET = 8.1;
				MTL_ENABLE_DEBUG_INFO = YES;
				ONLY_ACTIVE_ARCH = YES;
				SDKROOT = iphoneos;
				TARGETED_DEVICE_FAMILY = "1,2";
			};
			name = Debug;
		};
		BBCEF4221A0CB7C0008E6963 /* Release */ = {
			isa = XCBuildConfiguration;
			buildSettings = {
				ALWAYS_SEARCH_USER_PATHS = NO;
				CLANG_CXX_LANGUAGE_STANDARD = "gnu++0x";
				CLANG_CXX_LIBRARY = "libc++";
				CLANG_ENABLE_MODULES = YES;
				CLANG_ENABLE_OBJC_ARC = YES;
				CLANG_WARN_BOOL_CONVERSION = YES;
				CLANG_WARN_CONSTANT_CONVERSION = YES;
				CLANG_WARN_DIRECT_OBJC_ISA_USAGE = YES_ERROR;
				CLANG_WARN_EMPTY_BODY = YES;
				CLANG_WARN_ENUM_CONVERSION = YES;
				CLANG_WARN_INT_CONVERSION = YES;
				CLANG_WARN_OBJC_ROOT_CLASS = YES_ERROR;
				CLANG_WARN_UNREACHABLE_CODE = YES;
				CLANG_WARN__DUPLICATE_METHOD_MATCH = YES;
				"CODE_SIGN_IDENTITY[sdk=iphoneos*]" = "iPhone Developer";
				COPY_PHASE_STRIP = YES;
				ENABLE_NS_ASSERTIONS = NO;
				ENABLE_STRICT_OBJC_MSGSEND = YES;
				GCC_C_LANGUAGE_STANDARD = gnu99;
				GCC_WARN_64_TO_32_BIT_CONVERSION = YES;
				GCC_WARN_ABOUT_RETURN_TYPE = YES_ERROR;
				GCC_WARN_UNDECLARED_SELECTOR = YES;
				GCC_WARN_UNINITIALIZED_AUTOS = YES_AGGRESSIVE;
				GCC_WARN_UNUSED_FUNCTION = YES;
				GCC_WARN_UNUSED_VARIABLE = YES;
				IPHONEOS_DEPLOYMENT_TARGET = 8.1;
				MTL_ENABLE_DEBUG_INFO = NO;
				SDKROOT = iphoneos;
				TARGETED_DEVICE_FAMILY = "1,2";
				VALIDATE_PRODUCT = YES;
			};
			name = Release;
		};
		BBCEF4241A0CB7C0008E6963 /* Debug */ = {
			isa = XCBuildConfiguration;
			baseConfigurationReference = 96539F44382874719B367AC5 /* Pods.debug.xcconfig */;
			buildSettings = {
				ASSETCATALOG_COMPILER_APPICON_NAME = AppIcon;
				INFOPLIST_FILE = "AsyncRPC-iOS/Info.plist";
				LD_RUNPATH_SEARCH_PATHS = "$(inherited) @executable_path/Frameworks";
				PRODUCT_NAME = "$(TARGET_NAME)";
			};
			name = Debug;
		};
		BBCEF4251A0CB7C0008E6963 /* Release */ = {
			isa = XCBuildConfiguration;
			baseConfigurationReference = A23C50084655B9C5AC2B850D /* Pods.release.xcconfig */;
			buildSettings = {
				ASSETCATALOG_COMPILER_APPICON_NAME = AppIcon;
				INFOPLIST_FILE = "AsyncRPC-iOS/Info.plist";
				LD_RUNPATH_SEARCH_PATHS = "$(inherited) @executable_path/Frameworks";
				PRODUCT_NAME = "$(TARGET_NAME)";
			};
			name = Release;
		};
		BBCEF4271A0CB7C0008E6963 /* Debug */ = {
			isa = XCBuildConfiguration;
			buildSettings = {
				BUNDLE_LOADER = "$(TEST_HOST)";
				FRAMEWORK_SEARCH_PATHS = (
					"$(SDKROOT)/Developer/Library/Frameworks",
					"$(inherited)",
				);
				GCC_PREPROCESSOR_DEFINITIONS = (
					"DEBUG=1",
					"$(inherited)",
				);
				INFOPLIST_FILE = "AsyncRPC-iOSTests/Info.plist";
				LD_RUNPATH_SEARCH_PATHS = "$(inherited) @executable_path/Frameworks @loader_path/Frameworks";
				PRODUCT_NAME = "$(TARGET_NAME)";
				TEST_HOST = "$(BUILT_PRODUCTS_DIR)/AsyncRPC-iOS.app/AsyncRPC-iOS";
			};
			name = Debug;
		};
		BBCEF4281A0CB7C0008E6963 /* Release */ = {
			isa = XCBuildConfiguration;
			buildSettings = {
				BUNDLE_LOADER = "$(TEST_HOST)";
				FRAMEWORK_SEARCH_PATHS = (
					"$(SDKROOT)/Developer/Library/Frameworks",
					"$(inherited)",
				);
				INFOPLIST_FILE = "AsyncRPC-iOSTests/Info.plist";
				LD_RUNPATH_SEARCH_PATHS = "$(inherited) @executable_path/Frameworks @loader_path/Frameworks";
				PRODUCT_NAME = "$(TARGET_NAME)";
				TEST_HOST = "$(BUILT_PRODUCTS_DIR)/AsyncRPC-iOS.app/AsyncRPC-iOS";
			};
			name = Release;
		};
/* End XCBuildConfiguration section */

/* Begin XCConfigurationList section */
		BBCEF3FB1A0CB7C0008E6963 /* Build configuration list for PBXProject "AsyncRPC-iOS" */ = {
			isa = XCConfigurationList;
			buildConfigurations = (
				BBCEF4211A0CB7C0008E6963 /* Debug */,
				BBCEF4221A0CB7C0008E6963 /* Release */,
			);
			defaultConfigurationIsVisible = 0;
			defaultConfigurationName = Release;
		};
		BBCEF4231A0CB7C0008E6963 /* Build configuration list for PBXNativeTarget "AsyncRPC-iOS" */ = {
			isa = XCConfigurationList;
			buildConfigurations = (
				BBCEF4241A0CB7C0008E6963 /* Debug */,
				BBCEF4251A0CB7C0008E6963 /* Release */,
			);
			defaultConfigurationIsVisible = 0;
			defaultConfigurationName = Release;
		};
		BBCEF4261A0CB7C0008E6963 /* Build configuration list for PBXNativeTarget "AsyncRPC-iOSTests" */ = {
			isa = XCConfigurationList;
			buildConfigurations = (
				BBCEF4271A0CB7C0008E6963 /* Debug */,
				BBCEF4281A0CB7C0008E6963 /* Release */,
			);
			defaultConfigurationIsVisible = 0;
			defaultConfigurationName = Release;
		};
/* End XCConfigurationList section */
	};
	rootObject = BBCEF3F81A0CB7C0008E6963 /* Project object */;
}
